// !$*UTF8*$!
{
	archiveVersion = 1;
	classes = {
	};
	objectVersion = 55;
	objects = {

/* Begin PBXBuildFile section */
		BB0DB37728B3CBE2003AD9CA /* UIColor+Today.swift in Sources */ = {isa = PBXBuildFile; fileRef = BB0DB37628B3CBE2003AD9CA /* UIColor+Today.swift */; };
		BB0DB37928B3CC15003AD9CA /* Date+Today.swift in Sources */ = {isa = PBXBuildFile; fileRef = BB0DB37828B3CC15003AD9CA /* Date+Today.swift */; };
		BB0DB37C28B3D437003AD9CA /* ReminderListViewController+DataSource.swift in Sources */ = {isa = PBXBuildFile; fileRef = BB0DB37B28B3D437003AD9CA /* ReminderListViewController+DataSource.swift */; };
		BB47BF6A28B52B6F00BAA660 /* ReminderDoneButton.swift in Sources */ = {isa = PBXBuildFile; fileRef = BB47BF6928B52B6F00BAA660 /* ReminderDoneButton.swift */; };
		BB47BF6C28B52BE300BAA660 /* ReminderListViewController+Actions.swift in Sources */ = {isa = PBXBuildFile; fileRef = BB47BF6B28B52BE300BAA660 /* ReminderListViewController+Actions.swift */; };
		BB9265AB28B3C21500E30414 /* Reminder.swift in Sources */ = {isa = PBXBuildFile; fileRef = BB9265AA28B3C21500E30414 /* Reminder.swift */; };
		BBF9EE2928B3C0DA00A1AC4C /* AppDelegate.swift in Sources */ = {isa = PBXBuildFile; fileRef = BBF9EE2828B3C0DA00A1AC4C /* AppDelegate.swift */; };
		BBF9EE2B28B3C0DA00A1AC4C /* SceneDelegate.swift in Sources */ = {isa = PBXBuildFile; fileRef = BBF9EE2A28B3C0DA00A1AC4C /* SceneDelegate.swift */; };
		BBF9EE2D28B3C0DA00A1AC4C /* ReminderListViewController.swift in Sources */ = {isa = PBXBuildFile; fileRef = BBF9EE2C28B3C0DA00A1AC4C /* ReminderListViewController.swift */; };
		BBF9EE3028B3C0DA00A1AC4C /* Main.storyboard in Resources */ = {isa = PBXBuildFile; fileRef = BBF9EE2E28B3C0DA00A1AC4C /* Main.storyboard */; };
		BBF9EE3228B3C0DA00A1AC4C /* Assets.xcassets in Resources */ = {isa = PBXBuildFile; fileRef = BBF9EE3128B3C0DA00A1AC4C /* Assets.xcassets */; };
		BBF9EE3528B3C0DA00A1AC4C /* LaunchScreen.storyboard in Resources */ = {isa = PBXBuildFile; fileRef = BBF9EE3328B3C0DA00A1AC4C /* LaunchScreen.storyboard */; };
/* End PBXBuildFile section */

/* Begin PBXFileReference section */
		BB0DB37628B3CBE2003AD9CA /* UIColor+Today.swift */ = {isa = PBXFileReference; lastKnownFileType = sourcecode.swift; path = "UIColor+Today.swift"; sourceTree = "<group>"; };
		BB0DB37828B3CC15003AD9CA /* Date+Today.swift */ = {isa = PBXFileReference; lastKnownFileType = sourcecode.swift; path = "Date+Today.swift"; sourceTree = "<group>"; };
		BB0DB37B28B3D437003AD9CA /* ReminderListViewController+DataSource.swift */ = {isa = PBXFileReference; lastKnownFileType = sourcecode.swift; path = "ReminderListViewController+DataSource.swift"; sourceTree = "<group>"; };
		BB47BF6928B52B6F00BAA660 /* ReminderDoneButton.swift */ = {isa = PBXFileReference; lastKnownFileType = sourcecode.swift; path = ReminderDoneButton.swift; sourceTree = "<group>"; };
		BB47BF6B28B52BE300BAA660 /* ReminderListViewController+Actions.swift */ = {isa = PBXFileReference; lastKnownFileType = sourcecode.swift; path = "ReminderListViewController+Actions.swift"; sourceTree = "<group>"; };
		BB9265AA28B3C21500E30414 /* Reminder.swift */ = {isa = PBXFileReference; lastKnownFileType = sourcecode.swift; path = Reminder.swift; sourceTree = "<group>"; };
		BBF9EE2528B3C0DA00A1AC4C /* TodayApp.app */ = {isa = PBXFileReference; explicitFileType = wrapper.application; includeInIndex = 0; path = TodayApp.app; sourceTree = BUILT_PRODUCTS_DIR; };
		BBF9EE2828B3C0DA00A1AC4C /* AppDelegate.swift */ = {isa = PBXFileReference; lastKnownFileType = sourcecode.swift; path = AppDelegate.swift; sourceTree = "<group>"; };
		BBF9EE2A28B3C0DA00A1AC4C /* SceneDelegate.swift */ = {isa = PBXFileReference; lastKnownFileType = sourcecode.swift; path = SceneDelegate.swift; sourceTree = "<group>"; };
		BBF9EE2C28B3C0DA00A1AC4C /* ReminderListViewController.swift */ = {isa = PBXFileReference; lastKnownFileType = sourcecode.swift; path = ReminderListViewController.swift; sourceTree = "<group>"; };
		BBF9EE2F28B3C0DA00A1AC4C /* Base */ = {isa = PBXFileReference; lastKnownFileType = file.storyboard; name = Base; path = Base.lproj/Main.storyboard; sourceTree = "<group>"; };
		BBF9EE3128B3C0DA00A1AC4C /* Assets.xcassets */ = {isa = PBXFileReference; lastKnownFileType = folder.assetcatalog; path = Assets.xcassets; sourceTree = "<group>"; };
		BBF9EE3428B3C0DA00A1AC4C /* Base */ = {isa = PBXFileReference; lastKnownFileType = file.storyboard; name = Base; path = Base.lproj/LaunchScreen.storyboard; sourceTree = "<group>"; };
		BBF9EE3628B3C0DA00A1AC4C /* Info.plist */ = {isa = PBXFileReference; lastKnownFileType = text.plist.xml; path = Info.plist; sourceTree = "<group>"; };
/* End PBXFileReference section */

/* Begin PBXFrameworksBuildPhase section */
		BBF9EE2228B3C0DA00A1AC4C /* Frameworks */ = {
			isa = PBXFrameworksBuildPhase;
			buildActionMask = 2147483647;
			files = (
			);
			runOnlyForDeploymentPostprocessing = 0;
		};
/* End PBXFrameworksBuildPhase section */

/* Begin PBXGroup section */
		BB0DB37A28B3D415003AD9CA /* ListViewController */ = {
			isa = PBXGroup;
			children = (
				BBF9EE2C28B3C0DA00A1AC4C /* ReminderListViewController.swift */,
				BB0DB37B28B3D437003AD9CA /* ReminderListViewController+DataSource.swift */,
				BB47BF6B28B52BE300BAA660 /* ReminderListViewController+Actions.swift */,
			);
			path = ListViewController;
			sourceTree = "<group>";
		};
		BB9265A928B3C20900E30414 /* Models */ = {
			isa = PBXGroup;
			children = (
				BB9265AA28B3C21500E30414 /* Reminder.swift */,
				BB0DB37628B3CBE2003AD9CA /* UIColor+Today.swift */,
				BB0DB37828B3CC15003AD9CA /* Date+Today.swift */,
			);
			path = Models;
			sourceTree = "<group>";
		};
		BBF9EE1C28B3C0DA00A1AC4C = {
			isa = PBXGroup;
			children = (
				BBF9EE2728B3C0DA00A1AC4C /* TodayApp */,
				BBF9EE2628B3C0DA00A1AC4C /* Products */,
			);
			sourceTree = "<group>";
		};
		BBF9EE2628B3C0DA00A1AC4C /* Products */ = {
			isa = PBXGroup;
			children = (
				BBF9EE2528B3C0DA00A1AC4C /* TodayApp.app */,
			);
			name = Products;
			sourceTree = "<group>";
		};
		BBF9EE2728B3C0DA00A1AC4C /* TodayApp */ = {
			isa = PBXGroup;
			children = (
				BB9265A928B3C20900E30414 /* Models */,
				BBF9EE2828B3C0DA00A1AC4C /* AppDelegate.swift */,
				BBF9EE2A28B3C0DA00A1AC4C /* SceneDelegate.swift */,
				BB0DB37A28B3D415003AD9CA /* ListViewController */,
				BBF9EE2E28B3C0DA00A1AC4C /* Main.storyboard */,
				BBF9EE3128B3C0DA00A1AC4C /* Assets.xcassets */,
				BBF9EE3328B3C0DA00A1AC4C /* LaunchScreen.storyboard */,
				BBF9EE3628B3C0DA00A1AC4C /* Info.plist */,
				BB47BF6928B52B6F00BAA660 /* ReminderDoneButton.swift */,
			);
			path = TodayApp;
			sourceTree = "<group>";
		};
/* End PBXGroup section */

/* Begin PBXNativeTarget section */
		BBF9EE2428B3C0DA00A1AC4C /* TodayApp */ = {
			isa = PBXNativeTarget;
			buildConfigurationList = BBF9EE3928B3C0DA00A1AC4C /* Build configuration list for PBXNativeTarget "TodayApp" */;
			buildPhases = (
				BBF9EE2128B3C0DA00A1AC4C /* Sources */,
				BBF9EE2228B3C0DA00A1AC4C /* Frameworks */,
				BBF9EE2328B3C0DA00A1AC4C /* Resources */,
			);
			buildRules = (
			);
			dependencies = (
			);
			name = TodayApp;
			productName = TodayApp;
			productReference = BBF9EE2528B3C0DA00A1AC4C /* TodayApp.app */;
			productType = "com.apple.product-type.application";
		};
/* End PBXNativeTarget section */

/* Begin PBXProject section */
		BBF9EE1D28B3C0DA00A1AC4C /* Project object */ = {
			isa = PBXProject;
			attributes = {
				BuildIndependentTargetsInParallel = 1;
				LastSwiftUpdateCheck = 1340;
				LastUpgradeCheck = 1340;
				TargetAttributes = {
					BBF9EE2428B3C0DA00A1AC4C = {
						CreatedOnToolsVersion = 13.4.1;
					};
				};
			};
			buildConfigurationList = BBF9EE2028B3C0DA00A1AC4C /* Build configuration list for PBXProject "TodayApp" */;
			compatibilityVersion = "Xcode 13.0";
			developmentRegion = en;
			hasScannedForEncodings = 0;
			knownRegions = (
				en,
				Base,
			);
			mainGroup = BBF9EE1C28B3C0DA00A1AC4C;
			productRefGroup = BBF9EE2628B3C0DA00A1AC4C /* Products */;
			projectDirPath = "";
			projectRoot = "";
			targets = (
				BBF9EE2428B3C0DA00A1AC4C /* TodayApp */,
			);
		};
/* End PBXProject section */

/* Begin PBXResourcesBuildPhase section */
		BBF9EE2328B3C0DA00A1AC4C /* Resources */ = {
			isa = PBXResourcesBuildPhase;
			buildActionMask = 2147483647;
			files = (
				BBF9EE3528B3C0DA00A1AC4C /* LaunchScreen.storyboard in Resources */,
				BBF9EE3228B3C0DA00A1AC4C /* Assets.xcassets in Resources */,
				BBF9EE3028B3C0DA00A1AC4C /* Main.storyboard in Resources */,
			);
			runOnlyForDeploymentPostprocessing = 0;
		};
/* End PBXResourcesBuildPhase section */

/* Begin PBXSourcesBuildPhase section */
		BBF9EE2128B3C0DA00A1AC4C /* Sources */ = {
			isa = PBXSourcesBuildPhase;
			buildActionMask = 2147483647;
			files = (
				BBF9EE2D28B3C0DA00A1AC4C /* ReminderListViewController.swift in Sources */,
				BB47BF6C28B52BE300BAA660 /* ReminderListViewController+Actions.swift in Sources */,
				BBF9EE2928B3C0DA00A1AC4C /* AppDelegate.swift in Sources */,
				BB0DB37728B3CBE2003AD9CA /* UIColor+Today.swift in Sources */,
				BB47BF6A28B52B6F00BAA660 /* ReminderDoneButton.swift in Sources */,
				BB0DB37928B3CC15003AD9CA /* Date+Today.swift in Sources */,
				BB0DB37C28B3D437003AD9CA /* ReminderListViewController+DataSource.swift in Sources */,
				BBF9EE2B28B3C0DA00A1AC4C /* SceneDelegate.swift in Sources */,
				BB9265AB28B3C21500E30414 /* Reminder.swift in Sources */,
			);
			runOnlyForDeploymentPostprocessing = 0;
		};
/* End PBXSourcesBuildPhase section */

/* Begin PBXVariantGroup section */
		BBF9EE2E28B3C0DA00A1AC4C /* Main.storyboard */ = {
			isa = PBXVariantGroup;
			children = (
				BBF9EE2F28B3C0DA00A1AC4C /* Base */,
			);
			name = Main.storyboard;
			sourceTree = "<group>";
		};
		BBF9EE3328B3C0DA00A1AC4C /* LaunchScreen.storyboard */ = {
			isa = PBXVariantGroup;
			children = (
				BBF9EE3428B3C0DA00A1AC4C /* Base */,
			);
			name = LaunchScreen.storyboard;
			sourceTree = "<group>";
		};
/* End PBXVariantGroup section */

/* Begin XCBuildConfiguration section */
		BBF9EE3728B3C0DA00A1AC4C /* Debug */ = {
			isa = XCBuildConfiguration;
			buildSettings = {
				ALWAYS_SEARCH_USER_PATHS = NO;
				CLANG_ANALYZER_NONNULL = YES;
				CLANG_ANALYZER_NUMBER_OBJECT_CONVERSION = YES_AGGRESSIVE;
				CLANG_CXX_LANGUAGE_STANDARD = "gnu++17";
				CLANG_ENABLE_MODULES = YES;
				CLANG_ENABLE_OBJC_ARC = YES;
				CLANG_ENABLE_OBJC_WEAK = YES;
				CLANG_WARN_BLOCK_CAPTURE_AUTORELEASING = YES;
				CLANG_WARN_BOOL_CONVERSION = YES;
				CLANG_WARN_COMMA = YES;
				CLANG_WARN_CONSTANT_CONVERSION = YES;
				CLANG_WARN_DEPRECATED_OBJC_IMPLEMENTATIONS = YES;
				CLANG_WARN_DIRECT_OBJC_ISA_USAGE = YES_ERROR;
				CLANG_WARN_DOCUMENTATION_COMMENTS = YES;
				CLANG_WARN_EMPTY_BODY = YES;
				CLANG_WARN_ENUM_CONVERSION = YES;
				CLANG_WARN_INFINITE_RECURSION = YES;
				CLANG_WARN_INT_CONVERSION = YES;
				CLANG_WARN_NON_LITERAL_NULL_CONVERSION = YES;
				CLANG_WARN_OBJC_IMPLICIT_RETAIN_SELF = YES;
				CLANG_WARN_OBJC_LITERAL_CONVERSION = YES;
				CLANG_WARN_OBJC_ROOT_CLASS = YES_ERROR;
				CLANG_WARN_QUOTED_INCLUDE_IN_FRAMEWORK_HEADER = YES;
				CLANG_WARN_RANGE_LOOP_ANALYSIS = YES;
				CLANG_WARN_STRICT_PROTOTYPES = YES;
				CLANG_WARN_SUSPICIOUS_MOVE = YES;
				CLANG_WARN_UNGUARDED_AVAILABILITY = YES_AGGRESSIVE;
				CLANG_WARN_UNREACHABLE_CODE = YES;
				CLANG_WARN__DUPLICATE_METHOD_MATCH = YES;
				COPY_PHASE_STRIP = NO;
				DEBUG_INFORMATION_FORMAT = dwarf;
				ENABLE_STRICT_OBJC_MSGSEND = YES;
				ENABLE_TESTABILITY = YES;
				GCC_C_LANGUAGE_STANDARD = gnu11;
				GCC_DYNAMIC_NO_PIC = NO;
				GCC_NO_COMMON_BLOCKS = YES;
				GCC_OPTIMIZATION_LEVEL = 0;
				GCC_PREPROCESSOR_DEFINITIONS = (
					"DEBUG=1",
					"$(inherited)",
				);
				GCC_WARN_64_TO_32_BIT_CONVERSION = YES;
				GCC_WARN_ABOUT_RETURN_TYPE = YES_ERROR;
				GCC_WARN_UNDECLARED_SELECTOR = YES;
				GCC_WARN_UNINITIALIZED_AUTOS = YES_AGGRESSIVE;
				GCC_WARN_UNUSED_FUNCTION = YES;
				GCC_WARN_UNUSED_VARIABLE = YES;
				IPHONEOS_DEPLOYMENT_TARGET = 15.5;
				MTL_ENABLE_DEBUG_INFO = INCLUDE_SOURCE;
				MTL_FAST_MATH = YES;
				ONLY_ACTIVE_ARCH = YES;
				SDKROOT = iphoneos;
				SWIFT_ACTIVE_COMPILATION_CONDITIONS = DEBUG;
				SWIFT_OPTIMIZATION_LEVEL = "-Onone";
			};
			name = Debug;
		};
		BBF9EE3828B3C0DA00A1AC4C /* Release */ = {
			isa = XCBuildConfiguration;
			buildSettings = {
				ALWAYS_SEARCH_USER_PATHS = NO;
				CLANG_ANALYZER_NONNULL = YES;
				CLANG_ANALYZER_NUMBER_OBJECT_CONVERSION = YES_AGGRESSIVE;
				CLANG_CXX_LANGUAGE_STANDARD = "gnu++17";
				CLANG_ENABLE_MODULES = YES;
				CLANG_ENABLE_OBJC_ARC = YES;
				CLANG_ENABLE_OBJC_WEAK = YES;
				CLANG_WARN_BLOCK_CAPTURE_AUTORELEASING = YES;
				CLANG_WARN_BOOL_CONVERSION = YES;
				CLANG_WARN_COMMA = YES;
				CLANG_WARN_CONSTANT_CONVERSION = YES;
				CLANG_WARN_DEPRECATED_OBJC_IMPLEMENTATIONS = YES;
				CLANG_WARN_DIRECT_OBJC_ISA_USAGE = YES_ERROR;
				CLANG_WARN_DOCUMENTATION_COMMENTS = YES;
				CLANG_WARN_EMPTY_BODY = YES;
				CLANG_WARN_ENUM_CONVERSION = YES;
				CLANG_WARN_INFINITE_RECURSION = YES;
				CLANG_WARN_INT_CONVERSION = YES;
				CLANG_WARN_NON_LITERAL_NULL_CONVERSION = YES;
				CLANG_WARN_OBJC_IMPLICIT_RETAIN_SELF = YES;
				CLANG_WARN_OBJC_LITERAL_CONVERSION = YES;
				CLANG_WARN_OBJC_ROOT_CLASS = YES_ERROR;
				CLANG_WARN_QUOTED_INCLUDE_IN_FRAMEWORK_HEADER = YES;
				CLANG_WARN_RANGE_LOOP_ANALYSIS = YES;
				CLANG_WARN_STRICT_PROTOTYPES = YES;
				CLANG_WARN_SUSPICIOUS_MOVE = YES;
				CLANG_WARN_UNGUARDED_AVAILABILITY = YES_AGGRESSIVE;
				CLANG_WARN_UNREACHABLE_CODE = YES;
				CLANG_WARN__DUPLICATE_METHOD_MATCH = YES;
				COPY_PHASE_STRIP = NO;
				DEBUG_INFORMATION_FORMAT = "dwarf-with-dsym";
				ENABLE_NS_ASSERTIONS = NO;
				ENABLE_STRICT_OBJC_MSGSEND = YES;
				GCC_C_LANGUAGE_STANDARD = gnu11;
				GCC_NO_COMMON_BLOCKS = YES;
				GCC_WARN_64_TO_32_BIT_CONVERSION = YES;
				GCC_WARN_ABOUT_RETURN_TYPE = YES_ERROR;
				GCC_WARN_UNDECLARED_SELECTOR = YES;
				GCC_WARN_UNINITIALIZED_AUTOS = YES_AGGRESSIVE;
				GCC_WARN_UNUSED_FUNCTION = YES;
				GCC_WARN_UNUSED_VARIABLE = YES;
				IPHONEOS_DEPLOYMENT_TARGET = 15.5;
				MTL_ENABLE_DEBUG_INFO = NO;
				MTL_FAST_MATH = YES;
				SDKROOT = iphoneos;
				SWIFT_COMPILATION_MODE = wholemodule;
				SWIFT_OPTIMIZATION_LEVEL = "-O";
				VALIDATE_PRODUCT = YES;
			};
			name = Release;
		};
		BBF9EE3A28B3C0DA00A1AC4C /* Debug */ = {
			isa = XCBuildConfiguration;
			buildSettings = {
				ASSETCATALOG_COMPILER_APPICON_NAME = AppIcon;
				ASSETCATALOG_COMPILER_GLOBAL_ACCENT_COLOR_NAME = AccentColor;
				CODE_SIGN_STYLE = Automatic;
				CURRENT_PROJECT_VERSION = 1;
				DEVELOPMENT_TEAM = SF69972TN6;
				GENERATE_INFOPLIST_FILE = YES;
				INFOPLIST_FILE = TodayApp/Info.plist;
				INFOPLIST_KEY_UIApplicationSupportsIndirectInputEvents = YES;
				INFOPLIST_KEY_UILaunchStoryboardName = LaunchScreen;
				INFOPLIST_KEY_UIMainStoryboardFile = Main;
				INFOPLIST_KEY_UISupportedInterfaceOrientations_iPad = "UIInterfaceOrientationPortrait UIInterfaceOrientationPortraitUpsideDown UIInterfaceOrientationLandscapeLeft UIInterfaceOrientationLandscapeRight";
				INFOPLIST_KEY_UISupportedInterfaceOrientations_iPhone = "UIInterfaceOrientationPortrait UIInterfaceOrientationLandscapeLeft UIInterfaceOrientationLandscapeRight";
				LD_RUNPATH_SEARCH_PATHS = (
					"$(inherited)",
					"@executable_path/Frameworks",
				);
				MARKETING_VERSION = 1.0;
				PRODUCT_BUNDLE_IDENTIFIER = com.SmK.TodayApp;
				PRODUCT_NAME = "$(TARGET_NAME)";
				SWIFT_EMIT_LOC_STRINGS = YES;
				SWIFT_VERSION = 5.0;
				TARGETED_DEVICE_FAMILY = "1,2";
			};
			name = Debug;
		};
		BBF9EE3B28B3C0DA00A1AC4C /* Release */ = {
			isa = XCBuildConfiguration;
			buildSettings = {
				ASSETCATALOG_COMPILER_APPICON_NAME = AppIcon;
				ASSETCATALOG_COMPILER_GLOBAL_ACCENT_COLOR_NAME = AccentColor;
				CODE_SIGN_STYLE = Automatic;
				CURRENT_PROJECT_VERSION = 1;
				DEVELOPMENT_TEAM = SF69972TN6;
				GENERATE_INFOPLIST_FILE = YES;
				INFOPLIST_FILE = TodayApp/Info.plist;
				INFOPLIST_KEY_UIApplicationSupportsIndirectInputEvents = YES;
				INFOPLIST_KEY_UILaunchStoryboardName = LaunchScreen;
				INFOPLIST_KEY_UIMainStoryboardFile = Main;
				INFOPLIST_KEY_UISupportedInterfaceOrientations_iPad = "UIInterfaceOrientationPortrait UIInterfaceOrientationPortraitUpsideDown UIInterfaceOrientationLandscapeLeft UIInterfaceOrientationLandscapeRight";
				INFOPLIST_KEY_UISupportedInterfaceOrientations_iPhone = "UIInterfaceOrientationPortrait UIInterfaceOrientationLandscapeLeft UIInterfaceOrientationLandscapeRight";
				LD_RUNPATH_SEARCH_PATHS = (
					"$(inherited)",
					"@executable_path/Frameworks",
				);
				MARKETING_VERSION = 1.0;
				PRODUCT_BUNDLE_IDENTIFIER = com.SmK.TodayApp;
				PRODUCT_NAME = "$(TARGET_NAME)";
				SWIFT_EMIT_LOC_STRINGS = YES;
				SWIFT_VERSION = 5.0;
				TARGETED_DEVICE_FAMILY = "1,2";
			};
			name = Release;
		};
/* End XCBuildConfiguration section */

/* Begin XCConfigurationList section */
		BBF9EE2028B3C0DA00A1AC4C /* Build configuration list for PBXProject "TodayApp" */ = {
			isa = XCConfigurationList;
			buildConfigurations = (
				BBF9EE3728B3C0DA00A1AC4C /* Debug */,
				BBF9EE3828B3C0DA00A1AC4C /* Release */,
			);
			defaultConfigurationIsVisible = 0;
			defaultConfigurationName = Release;
		};
		BBF9EE3928B3C0DA00A1AC4C /* Build configuration list for PBXNativeTarget "TodayApp" */ = {
			isa = XCConfigurationList;
			buildConfigurations = (
				BBF9EE3A28B3C0DA00A1AC4C /* Debug */,
				BBF9EE3B28B3C0DA00A1AC4C /* Release */,
			);
			defaultConfigurationIsVisible = 0;
			defaultConfigurationName = Release;
		};
/* End XCConfigurationList section */
	};
	rootObject = BBF9EE1D28B3C0DA00A1AC4C /* Project object */;
}
